Microsoft Visual Studio Solution File, Format Version 12.00
# Visual Studio Version 17
VisualStudioVersion = 17.5.2.0
MinimumVisualStudioVersion = 10.0.40219.1
Project("{FAE04EC0-301F-11D3-BF4B-00C04F79EFBC}") = "C# 3", "C# 3.csproj", "{16A513AA-A050-DA67-275B-0D429C282405}"
EndProject
Global
	GlobalSection(SolutionConfigurationPlatforms) = preSolution
		Debug|Any CPU = Debug|Any CPU
		Release|Any CPU = Release|Any CPU
	EndGlobalSection
	GlobalSection(ProjectConfigurationPlatforms) = postSolution
		{16A513AA-A050-DA67-275B-0D429C282405}.Debug|Any CPU.ActiveCfg = Debug|Any CPU
		{16A513AA-A050-DA67-275B-0D429C282405}.Debug|Any CPU.Build.0 = Debug|Any CPU
		{16A513AA-A050-DA67-275B-0D429C282405}.Release|Any CPU.ActiveCfg = Release|Any CPU
		{16A513AA-A050-DA67-275B-0D429C282405}.Release|Any CPU.Build.0 = Release|Any CPU
	EndGlobalSection
	GlobalSection(SolutionProperties) = preSolution
		HideSolutionNode = FALSE
	EndGlobalSection
	GlobalSection(ExtensibilityGlobals) = postSolution
		SolutionGuid = {9DF0F9EE-C5CE-46C9-9506-630463DC8566}
	EndGlobalSection
EndGlobal
